
Microsoft Visual Studio Solution File, Format Version 10.00
# Visual Studio 2008
Project("{8BC9CEB8-8B4A-11D0-8D11-00A0C91BC942}") = "ex01", "ex1\ex1.vcproj", "{F256AB13-D31B-49E4-B3D0-36D7AD3CC09B}"
EndProject
Project("{8BC9CEB8-8B4A-11D0-8D11-00A0C91BC942}") = "ex02", "ex2\ex2.vcproj", "{BF0334B6-1C2D-4B65-A828-686A8169E43E}"
EndProject
Project("{8BC9CEB8-8B4A-11D0-8D11-00A0C91BC942}") = "ex03", "ex3\ex3.vcproj", "{616323AD-6D33-46BE-8BF4-28FA21F1964B}"
EndProject
Project("{8BC9CEB8-8B4A-11D0-8D11-00A0C91BC942}") = "ex04", "ex4\ex4.vcproj", "{88EEE737-52B7-44B2-8FD0-A691EC100435}"
EndProject
Project("{8BC9CEB8-8B4A-11D0-8D11-00A0C91BC942}") = "ex05", "ex5\ex5.vcproj", "{9C42EFD7-15E4-4A78-819E-57095604C0BE}"
EndProject
Project("{8BC9CEB8-8B4A-11D0-8D11-00A0C91BC942}") = "ex07", "ex7\ex7.vcproj", "{89ECB46B-D90E-482A-A7C4-31A0ECBC7680}"
EndProject
Project("{8BC9CEB8-8B4A-11D0-8D11-00A0C91BC942}") = "ex08", "ex8\ex8.vcproj", "{8FD42359-88F9-4411-A912-0B929CD0C01C}"
EndProject
Project("{8BC9CEB8-8B4A-11D0-8D11-00A0C91BC942}") = "ex09", "ex9\ex9.vcproj", "{4B739571-BF38-463B-A3DA-CCCDC2080867}"
EndProject
Project("{8BC9CEB8-8B4A-11D0-8D11-00A0C91BC942}") = "ex12", "ex12\ex12.vcproj", "{A132F281-5D0D-4BD9-A108-68B3D08BF442}"
EndProject
Project("{8BC9CEB8-8B4A-11D0-8D11-00A0C91BC942}") = "ex13", "ex13\ex13.vcproj", "{907315A9-3EEC-4354-81F6-806B2249DEE1}"
EndProject
Project("{8BC9CEB8-8B4A-11D0-8D11-00A0C91BC942}") = "ex14_1", "ex14\ex14.vcproj", "{FF2F392D-F473-4F20-BCDE-86495A3728C4}"
EndProject
Project("{8BC9CEB8-8B4A-11D0-8D11-00A0C91BC942}") = "ex15", "ex15\ex15.vcproj", "{EF0838F6-F62C-4403-9F43-EF7CAA850D85}"
EndProject
Project("{8BC9CEB8-8B4A-11D0-8D11-00A0C91BC942}") = "ex21", "ex21\ex21.vcproj", "{B9374019-44B7-4888-8341-A452EE21C081}"
EndProject
Project("{8BC9CEB8-8B4A-11D0-8D11-00A0C91BC942}") = "ex23", "ex23\ex23.vcproj", "{13C3EA2E-0034-4D4A-A912-0EEDBCBB9A59}"
EndProject
Project("{8BC9CEB8-8B4A-11D0-8D11-00A0C91BC942}") = "ex24", "ex24\ex24.vcproj", "{D08F3E81-1FCB-4627-B503-3EFD0620F24E}"
EndProject
Project("{8BC9CEB8-8B4A-11D0-8D11-00A0C91BC942}") = "ex14_2", "ex14_4\ex14_4.vcproj", "{629C10B4-F974-4F15-95A0-922B8C51BB7D}"
EndProject
Project("{8BC9CEB8-8B4A-11D0-8D11-00A0C91BC942}") = "ex06", "ex06\ex06.vcproj", "{415FB956-A6D6-42D7-AA13-83A2C81D0049}"
EndProject
Project("{8BC9CEB8-8B4A-11D0-8D11-00A0C91BC942}") = "ex10", "ex10\ex10.vcproj", "{CB18D412-6B6F-443A-8239-A1FFE17C2484}"
EndProject
Project("{8BC9CEB8-8B4A-11D0-8D11-00A0C91BC942}") = "ex14_n", "ex14_n\ex14_n.vcproj", "{C2FA56AE-0ED1-44EB-A85D-47A0AD257A38}"
EndProject
Project("{8BC9CEB8-8B4A-11D0-8D11-00A0C91BC942}") = "ex16", "ex16\ex16.vcproj", "{0C02A628-9E41-41BD-9176-D9F17BA518B3}"
EndProject
Project("{8BC9CEB8-8B4A-11D0-8D11-00A0C91BC942}") = "ex18", "ex18\ex18.vcproj", "{F47330FB-9F60-48E3-8EDC-BADE7EF88308}"
EndProject
Project("{8BC9CEB8-8B4A-11D0-8D11-00A0C91BC942}") = "ex20", "ex20\ex20.vcproj", "{C49C0A73-7AFD-41BE-A106-90E5BFA8C257}"
EndProject
Project("{8BC9CEB8-8B4A-11D0-8D11-00A0C91BC942}") = "ex22", "ex22\ex22.vcproj", "{8D558A14-768C-42A3-985E-C731D9AD40A6}"
EndProject
Project("{8BC9CEB8-8B4A-11D0-8D11-00A0C91BC942}") = "ex17", "ex17\ex17.vcproj", "{C9346B26-9262-40D2-B1CC-C295C320FFFE}"
EndProject
Global
	GlobalSection(SolutionConfigurationPlatforms) = preSolution
		Debug|Win32 = Debug|Win32
		Release|Win32 = Release|Win32
	EndGlobalSection
	GlobalSection(ProjectConfigurationPlatforms) = postSolution
		{F256AB13-D31B-49E4-B3D0-36D7AD3CC09B}.Debug|Win32.ActiveCfg = Debug|Win32
		{F256AB13-D31B-49E4-B3D0-36D7AD3CC09B}.Debug|Win32.Build.0 = Debug|Win32
		{F256AB13-D31B-49E4-B3D0-36D7AD3CC09B}.Release|Win32.ActiveCfg = Release|Win32
		{F256AB13-D31B-49E4-B3D0-36D7AD3CC09B}.Release|Win32.Build.0 = Release|Win32
		{BF0334B6-1C2D-4B65-A828-686A8169E43E}.Debug|Win32.ActiveCfg = Debug|Win32
		{BF0334B6-1C2D-4B65-A828-686A8169E43E}.Debug|Win32.Build.0 = Debug|Win32
		{BF0334B6-1C2D-4B65-A828-686A8169E43E}.Release|Win32.ActiveCfg = Release|Win32
		{BF0334B6-1C2D-4B65-A828-686A8169E43E}.Release|Win32.Build.0 = Release|Win32
		{616323AD-6D33-46BE-8BF4-28FA21F1964B}.Debug|Win32.ActiveCfg = Debug|Win32
		{616323AD-6D33-46BE-8BF4-28FA21F1964B}.Debug|Win32.Build.0 = Debug|Win32
		{616323AD-6D33-46BE-8BF4-28FA21F1964B}.Release|Win32.ActiveCfg = Release|Win32
		{616323AD-6D33-46BE-8BF4-28FA21F1964B}.Release|Win32.Build.0 = Release|Win32
		{88EEE737-52B7-44B2-8FD0-A691EC100435}.Debug|Win32.ActiveCfg = Debug|Win32
		{88EEE737-52B7-44B2-8FD0-A691EC100435}.Debug|Win32.Build.0 = Debug|Win32
		{88EEE737-52B7-44B2-8FD0-A691EC100435}.Release|Win32.ActiveCfg = Release|Win32
		{88EEE737-52B7-44B2-8FD0-A691EC100435}.Release|Win32.Build.0 = Release|Win32
		{9C42EFD7-15E4-4A78-819E-57095604C0BE}.Debug|Win32.ActiveCfg = Debug|Win32
		{9C42EFD7-15E4-4A78-819E-57095604C0BE}.Debug|Win32.Build.0 = Debug|Win32
		{9C42EFD7-15E4-4A78-819E-57095604C0BE}.Release|Win32.ActiveCfg = Release|Win32
		{9C42EFD7-15E4-4A78-819E-57095604C0BE}.Release|Win32.Build.0 = Release|Win32
		{89ECB46B-D90E-482A-A7C4-31A0ECBC7680}.Debug|Win32.ActiveCfg = Debug|Win32
		{89ECB46B-D90E-482A-A7C4-31A0ECBC7680}.Debug|Win32.Build.0 = Debug|Win32
		{89ECB46B-D90E-482A-A7C4-31A0ECBC7680}.Release|Win32.ActiveCfg = Release|Win32
		{89ECB46B-D90E-482A-A7C4-31A0ECBC7680}.Release|Win32.Build.0 = Release|Win32
		{8FD42359-88F9-4411-A912-0B929CD0C01C}.Debug|Win32.ActiveCfg = Debug|Win32
		{8FD42359-88F9-4411-A912-0B929CD0C01C}.Debug|Win32.Build.0 = Debug|Win32
		{8FD42359-88F9-4411-A912-0B929CD0C01C}.Release|Win32.ActiveCfg = Release|Win32
		{8FD42359-88F9-4411-A912-0B929CD0C01C}.Release|Win32.Build.0 = Release|Win32
		{4B739571-BF38-463B-A3DA-CCCDC2080867}.Debug|Win32.ActiveCfg = Debug|Win32
		{4B739571-BF38-463B-A3DA-CCCDC2080867}.Debug|Win32.Build.0 = Debug|Win32
		{4B739571-BF38-463B-A3DA-CCCDC2080867}.Release|Win32.ActiveCfg = Release|Win32
		{4B739571-BF38-463B-A3DA-CCCDC2080867}.Release|Win32.Build.0 = Release|Win32
		{A132F281-5D0D-4BD9-A108-68B3D08BF442}.Debug|Win32.ActiveCfg = Debug|Win32
		{A132F281-5D0D-4BD9-A108-68B3D08BF442}.Debug|Win32.Build.0 = Debug|Win32
		{A132F281-5D0D-4BD9-A108-68B3D08BF442}.Release|Win32.ActiveCfg = Release|Win32
		{A132F281-5D0D-4BD9-A108-68B3D08BF442}.Release|Win32.Build.0 = Release|Win32
		{907315A9-3EEC-4354-81F6-806B2249DEE1}.Debug|Win32.ActiveCfg = Debug|Win32
		{907315A9-3EEC-4354-81F6-806B2249DEE1}.Debug|Win32.Build.0 = Debug|Win32
		{907315A9-3EEC-4354-81F6-806B2249DEE1}.Release|Win32.ActiveCfg = Release|Win32
		{907315A9-3EEC-4354-81F6-806B2249DEE1}.Release|Win32.Build.0 = Release|Win32
		{FF2F392D-F473-4F20-BCDE-86495A3728C4}.Debug|Win32.ActiveCfg = Debug|Win32
		{FF2F392D-F473-4F20-BCDE-86495A3728C4}.Debug|Win32.Build.0 = Debug|Win32
		{FF2F392D-F473-4F20-BCDE-86495A3728C4}.Release|Win32.ActiveCfg = Release|Win32
		{FF2F392D-F473-4F20-BCDE-86495A3728C4}.Release|Win32.Build.0 = Release|Win32
		{EF0838F6-F62C-4403-9F43-EF7CAA850D85}.Debug|Win32.ActiveCfg = Debug|Win32
		{EF0838F6-F62C-4403-9F43-EF7CAA850D85}.Debug|Win32.Build.0 = Debug|Win32
		{EF0838F6-F62C-4403-9F43-EF7CAA850D85}.Release|Win32.ActiveCfg = Release|Win32
		{EF0838F6-F62C-4403-9F43-EF7CAA850D85}.Release|Win32.Build.0 = Release|Win32
		{B9374019-44B7-4888-8341-A452EE21C081}.Debug|Win32.ActiveCfg = Debug|Win32
		{B9374019-44B7-4888-8341-A452EE21C081}.Debug|Win32.Build.0 = Debug|Win32
		{B9374019-44B7-4888-8341-A452EE21C081}.Release|Win32.ActiveCfg = Release|Win32
		{B9374019-44B7-4888-8341-A452EE21C081}.Release|Win32.Build.0 = Release|Win32
		{13C3EA2E-0034-4D4A-A912-0EEDBCBB9A59}.Debug|Win32.ActiveCfg = Debug|Win32
		{13C3EA2E-0034-4D4A-A912-0EEDBCBB9A59}.Debug|Win32.Build.0 = Debug|Win32
		{13C3EA2E-0034-4D4A-A912-0EEDBCBB9A59}.Release|Win32.ActiveCfg = Release|Win32
		{13C3EA2E-0034-4D4A-A912-0EEDBCBB9A59}.Release|Win32.Build.0 = Release|Win32
		{D08F3E81-1FCB-4627-B503-3EFD0620F24E}.Debug|Win32.ActiveCfg = Debug|Win32
		{D08F3E81-1FCB-4627-B503-3EFD0620F24E}.Debug|Win32.Build.0 = Debug|Win32
		{D08F3E81-1FCB-4627-B503-3EFD0620F24E}.Release|Win32.ActiveCfg = Release|Win32
		{D08F3E81-1FCB-4627-B503-3EFD0620F24E}.Release|Win32.Build.0 = Release|Win32
		{629C10B4-F974-4F15-95A0-922B8C51BB7D}.Debug|Win32.ActiveCfg = Debug|Win32
		{629C10B4-F974-4F15-95A0-922B8C51BB7D}.Debug|Win32.Build.0 = Debug|Win32
		{629C10B4-F974-4F15-95A0-922B8C51BB7D}.Release|Win32.ActiveCfg = Release|Win32
		{629C10B4-F974-4F15-95A0-922B8C51BB7D}.Release|Win32.Build.0 = Release|Win32
		{415FB956-A6D6-42D7-AA13-83A2C81D0049}.Debug|Win32.ActiveCfg = Debug|Win32
		{415FB956-A6D6-42D7-AA13-83A2C81D0049}.Debug|Win32.Build.0 = Debug|Win32
		{415FB956-A6D6-42D7-AA13-83A2C81D0049}.Release|Win32.ActiveCfg = Release|Win32
		{415FB956-A6D6-42D7-AA13-83A2C81D0049}.Release|Win32.Build.0 = Release|Win32
		{CB18D412-6B6F-443A-8239-A1FFE17C2484}.Debug|Win32.ActiveCfg = Debug|Win32
		{CB18D412-6B6F-443A-8239-A1FFE17C2484}.Debug|Win32.Build.0 = Debug|Win32
		{CB18D412-6B6F-443A-8239-A1FFE17C2484}.Release|Win32.ActiveCfg = Release|Win32
		{CB18D412-6B6F-443A-8239-A1FFE17C2484}.Release|Win32.Build.0 = Release|Win32
		{C2FA56AE-0ED1-44EB-A85D-47A0AD257A38}.Debug|Win32.ActiveCfg = Debug|Win32
		{C2FA56AE-0ED1-44EB-A85D-47A0AD257A38}.Debug|Win32.Build.0 = Debug|Win32
		{C2FA56AE-0ED1-44EB-A85D-47A0AD257A38}.Release|Win32.ActiveCfg = Release|Win32
		{C2FA56AE-0ED1-44EB-A85D-47A0AD257A38}.Release|Win32.Build.0 = Release|Win32
		{0C02A628-9E41-41BD-9176-D9F17BA518B3}.Debug|Win32.ActiveCfg = Debug|Win32
		{0C02A628-9E41-41BD-9176-D9F17BA518B3}.Debug|Win32.Build.0 = Debug|Win32
		{0C02A628-9E41-41BD-9176-D9F17BA518B3}.Release|Win32.ActiveCfg = Release|Win32
		{0C02A628-9E41-41BD-9176-D9F17BA518B3}.Release|Win32.Build.0 = Release|Win32
		{F47330FB-9F60-48E3-8EDC-BADE7EF88308}.Debug|Win32.ActiveCfg = Debug|Win32
		{F47330FB-9F60-48E3-8EDC-BADE7EF88308}.Debug|Win32.Build.0 = Debug|Win32
		{F47330FB-9F60-48E3-8EDC-BADE7EF88308}.Release|Win32.ActiveCfg = Release|Win32
		{F47330FB-9F60-48E3-8EDC-BADE7EF88308}.Release|Win32.Build.0 = Release|Win32
		{C49C0A73-7AFD-41BE-A106-90E5BFA8C257}.Debug|Win32.ActiveCfg = Debug|Win32
		{C49C0A73-7AFD-41BE-A106-90E5BFA8C257}.Debug|Win32.Build.0 = Debug|Win32
		{C49C0A73-7AFD-41BE-A106-90E5BFA8C257}.Release|Win32.ActiveCfg = Release|Win32
		{C49C0A73-7AFD-41BE-A106-90E5BFA8C257}.Release|Win32.Build.0 = Release|Win32
		{8D558A14-768C-42A3-985E-C731D9AD40A6}.Debug|Win32.ActiveCfg = Debug|Win32
		{8D558A14-768C-42A3-985E-C731D9AD40A6}.Debug|Win32.Build.0 = Debug|Win32
		{8D558A14-768C-42A3-985E-C731D9AD40A6}.Release|Win32.ActiveCfg = Release|Win32
		{8D558A14-768C-42A3-985E-C731D9AD40A6}.Release|Win32.Build.0 = Release|Win32
		{C9346B26-9262-40D2-B1CC-C295C320FFFE}.Debug|Win32.ActiveCfg = Debug|Win32
		{C9346B26-9262-40D2-B1CC-C295C320FFFE}.Debug|Win32.Build.0 = Debug|Win32
		{C9346B26-9262-40D2-B1CC-C295C320FFFE}.Release|Win32.ActiveCfg = Release|Win32
		{C9346B26-9262-40D2-B1CC-C295C320FFFE}.Release|Win32.Build.0 = Release|Win32
	EndGlobalSection
	GlobalSection(SolutionProperties) = preSolution
		HideSolutionNode = FALSE
	EndGlobalSection
EndGlobal
